
Microsoft Visual Studio Solution File, Format Version 12.00
# Visual Studio Version 17
VisualStudioVersion = 17.10.35122.118
MinimumVisualStudioVersion = 10.0.40219.1
Project("{FAE04EC0-301F-11D3-BF4B-00C04F79EFBC}") = "WPF_Proyect_Food", "WPF_Proyect_Food.csproj", "{55578030-7AA8-4C32-AD1D-EFE4BC81ECA2}"
EndProject
Global
	GlobalSection(SolutionConfigurationPlatforms) = preSolution
		Debug|Any CPU = Debug|Any CPU
		Release|Any CPU = Release|Any CPU
	EndGlobalSection
	GlobalSection(ProjectConfigurationPlatforms) = postSolution
		{55578030-7AA8-4C32-AD1D-EFE4BC81ECA2}.Debug|Any CPU.ActiveCfg = Debug|Any CPU
		{55578030-7AA8-4C32-AD1D-EFE4BC81ECA2}.Debug|Any CPU.Build.0 = Debug|Any CPU
		{55578030-7AA8-4C32-AD1D-EFE4BC81ECA2}.Release|Any CPU.ActiveCfg = Release|Any CPU
		{55578030-7AA8-4C32-AD1D-EFE4BC81ECA2}.Release|Any CPU.Build.0 = Release|Any CPU
	EndGlobalSection
	GlobalSection(SolutionProperties) = preSolution
		HideSolutionNode = FALSE
	EndGlobalSection
	GlobalSection(ExtensibilityGlobals) = postSolution
		SolutionGuid = {63BA4367-BAA4-47FE-A197-D8EF92497C36}
	EndGlobalSection
EndGlobal
